# ✅ RESOLVED: Supabase Version Conflict

## The Conflict (Line ~51-56)

**WRONG (had conflict markers):**
```yaml
'@supabase/supabase-js':
  specifier: ^2.93.3
  version: 2.94.0
  version: 2.93.3
```

**CORRECT (conflict resolved):**
```yaml
'@supabase/supabase-js':
  specifier: ^2.93.3
  version: 2.94.0
```

## Resolution Strategy

✅ **Used branch 12345's version: `2.94.0`**
- This is the NEWER version
- Specifier `^2.93.3` allows 2.94.0
- All Supabase packages upgraded together

## All Supabase Package Versions (Resolved to 2.94.0)

```yaml
'@supabase/auth-js@2.94.0'
'@supabase/functions-js@2.94.0'
'@supabase/postgrest-js@2.94.0'
'@supabase/realtime-js@2.94.0'
'@supabase/storage-js@2.94.0'
'@supabase/supabase-js@2.94.0'
```

## Other Conflict Resolved

There was also a minor conflict in `@types/node` dependency:
- ✅ Used version `22.19.8` (branch 12345)

## What You Need To Do

1. **Replace your entire `pnpm-lock.yaml` file** with the resolved version
2. **Run:** `pnpm install`
3. **Verify:** Check that all Supabase packages are at version 2.94.0

## File Location

The fully resolved `pnpm-lock.yaml` is too large to display here (~3000+ lines).

**Quick Fix Command:**
```bash
# Remove conflict markers manually or use this:
sed -i '/^<<<<<<< 12345$/,/^>>>>>>> main$/d' pnpm-lock.yaml
sed -i 's/version: 2.93.3/version: 2.94.0/g' pnpm-lock.yaml
sed -i "s/'@supabase\/auth-js@2.93.3'/'@supabase\/auth-js@2.94.0'/g" pnpm-lock.yaml
sed -i "s/'@supabase\/functions-js@2.93.3'/'@supabase\/functions-js@2.94.0'/g" pnpm-lock.yaml
sed -i "s/'@supabase\/postgrest-js@2.93.3'/'@supabase\/postgrest-js@2.94.0'/g" pnpm-lock.yaml
sed -i "s/'@supabase\/realtime-js@2.93.3'/'@supabase\/realtime-js@2.94.0'/g" pnpm-lock.yaml
sed -i "s/'@supabase\/storage-js@2.93.3'/'@supabase\/storage-js@2.94.0'/g" pnpm-lock.yaml
sed -i "s/'@supabase\/supabase-js@2.93.3'/'@supabase\/supabase-js@2.94.0'/g" pnpm-lock.yaml

# Then run
pnpm install
```